Microsoft Visual Studio Solution File, Format Version 12.00
# Visual Studio Version 17
VisualStudioVersion = 17.4.33213.308
MinimumVisualStudioVersion = 10.0.40219.1
Project("{FAE04EC0-301F-11D3-BF4B-00C04F79EFBC}") = "PhotoStudio", "PhotoStudio.csproj", "{86521D3F-50D6-4677-A0EC-479FC0C9D795}"
EndProject
Global
	GlobalSection(SolutionConfigurationPlatforms) = preSolution
		Debug|Any CPU = Debug|Any CPU
		Release|Any CPU = Release|Any CPU
	EndGlobalSection
	GlobalSection(ProjectConfigurationPlatforms) = postSolution
		{86521D3F-50D6-4677-A0EC-479FC0C9D795}.Debug|Any CPU.ActiveCfg = Debug|Any CPU
		{86521D3F-50D6-4677-A0EC-479FC0C9D795}.Debug|Any CPU.Build.0 = Debug|Any CPU
		{86521D3F-50D6-4677-A0EC-479FC0C9D795}.Release|Any CPU.ActiveCfg = Release|Any CPU
		{86521D3F-50D6-4677-A0EC-479FC0C9D795}.Release|Any CPU.Build.0 = Release|Any CPU
	EndGlobalSection
	GlobalSection(SolutionProperties) = preSolution
		HideSolutionNode = FALSE
	EndGlobalSection
	GlobalSection(ExtensibilityGlobals) = postSolution
		SolutionGuid = {BC055343-1204-472A-B0D3-7AAED50CE95E}
	EndGlobalSection
EndGlobal
